github.com/SmartPrintsInk/prettyfie v0.0.0-20221222232855-c6f3bcebf1c8 h1:3YrvDh2pZdpDbtS00SbLarsX3kXBRVqUVbTxx7a0AG8=
github.com/SmartPrintsInk/prettyfie v0.0.0-20221222232855-c6f3bcebf1c8/go.mod h1:+UTjbwTgkS3rziA7uc866Qocs3ZraywX4mt7dj0qM/w=
github.com/SwiftPODEns/request v0.0.0-20230621211612-1560107ec7b9 h1:t5DcmjfSqw34lu4zsw50REAd2JoBdOUwULpO4lPhHSg=
github.com/SwiftPODEns/request v0.0.0-20230621211612-1560107ec7b9/go.mod h1:FKmVcpMWCh0tCisvQGE85iSGHs9OOJWmd1P3vuNdLJg=
